
Microsoft Visual Studio Solution File, Format Version 12.00
# Visual Studio 15
Project("{FAE04EC0-301F-11D3-BF4B-00C04F79EFBC}") = "DogInvaders", "DogInvaders.csproj", "{57226BD7-53DB-C21C-2C93-EC34178516D0}"
EndProject
Project("{FAE04EC0-301F-11D3-BF4B-00C04F79EFBC}") = "DogInvaders.Editor", "DogInvaders.Editor.csproj", "{1FC17D1B-DA11-4A9B-3482-EA5277215335}"
EndProject
Global
	GlobalSection(SolutionConfigurationPlatforms) = preSolution
		Debug|Any CPU = Debug|Any CPU
		Release|Any CPU = Release|Any CPU
	EndGlobalSection
	GlobalSection(ProjectConfigurationPlatforms) = postSolution
		{57226BD7-53DB-C21C-2C93-EC34178516D0}.Debug|Any CPU.ActiveCfg = Debug|Any CPU
		{57226BD7-53DB-C21C-2C93-EC34178516D0}.Debug|Any CPU.Build.0 = Debug|Any CPU
		{57226BD7-53DB-C21C-2C93-EC34178516D0}.Release|Any CPU.ActiveCfg = Release|Any CPU
		{57226BD7-53DB-C21C-2C93-EC34178516D0}.Release|Any CPU.Build.0 = Release|Any CPU
		{1FC17D1B-DA11-4A9B-3482-EA5277215335}.Debug|Any CPU.ActiveCfg = Debug|Any CPU
		{1FC17D1B-DA11-4A9B-3482-EA5277215335}.Debug|Any CPU.Build.0 = Debug|Any CPU
		{1FC17D1B-DA11-4A9B-3482-EA5277215335}.Release|Any CPU.ActiveCfg = Release|Any CPU
		{1FC17D1B-DA11-4A9B-3482-EA5277215335}.Release|Any CPU.Build.0 = Release|Any CPU
	EndGlobalSection
	GlobalSection(SolutionProperties) = preSolution
		HideSolutionNode = FALSE
	EndGlobalSection
EndGlobal
