
Microsoft Visual Studio Solution File, Format Version 12.00
# Visual Studio 15
Project("{FAE04EC0-301F-11D3-BF4B-00C04F79EFBC}") = "UltraSheepInSpace", "UltraSheepInSpace.csproj", "{C64F1D68-D35F-5183-9503-CC3D3DDEDB83}"
EndProject
Project("{FAE04EC0-301F-11D3-BF4B-00C04F79EFBC}") = "UltraSheepInSpace.Editor", "UltraSheepInSpace.Editor.csproj", "{8831E036-C0FE-ADA1-7ADF-CB5A90E0349C}"
EndProject
Global
	GlobalSection(SolutionConfigurationPlatforms) = preSolution
		Debug|Any CPU = Debug|Any CPU
		Release|Any CPU = Release|Any CPU
	EndGlobalSection
	GlobalSection(ProjectConfigurationPlatforms) = postSolution
		{C64F1D68-D35F-5183-9503-CC3D3DDEDB83}.Debug|Any CPU.ActiveCfg = Debug|Any CPU
		{C64F1D68-D35F-5183-9503-CC3D3DDEDB83}.Debug|Any CPU.Build.0 = Debug|Any CPU
		{C64F1D68-D35F-5183-9503-CC3D3DDEDB83}.Release|Any CPU.ActiveCfg = Release|Any CPU
		{C64F1D68-D35F-5183-9503-CC3D3DDEDB83}.Release|Any CPU.Build.0 = Release|Any CPU
		{8831E036-C0FE-ADA1-7ADF-CB5A90E0349C}.Debug|Any CPU.ActiveCfg = Debug|Any CPU
		{8831E036-C0FE-ADA1-7ADF-CB5A90E0349C}.Debug|Any CPU.Build.0 = Debug|Any CPU
		{8831E036-C0FE-ADA1-7ADF-CB5A90E0349C}.Release|Any CPU.ActiveCfg = Release|Any CPU
		{8831E036-C0FE-ADA1-7ADF-CB5A90E0349C}.Release|Any CPU.Build.0 = Release|Any CPU
	EndGlobalSection
	GlobalSection(SolutionProperties) = preSolution
		HideSolutionNode = FALSE
	EndGlobalSection
EndGlobal
